<?xml version="1.0" encoding="utf-8"?>
<Project ToolsVersion="4.0" xmlns="http://schemas.microsoft.com/developer/msbuild/2003">
  <ItemGroup>
    <Filter Include="Source Files">
      <UniqueIdentifier>{4FC737F1-C7A5-4376-A066-2A32D752A2FF}</UniqueIdentifier>
      <Extensions>cpp;c;cc;cxx;c++;cppm;ixx;def;odl;idl;hpj;bat;asm;asmx</Extensions>
    </Filter>
    <Filter Include="Header Files">
      <UniqueIdentifier>{93995380-89BD-4b04-88EB-625FBE52EBFB}</UniqueIdentifier>
      <Extensions>h;hh;hpp;hxx;h++;hm;inl;inc;ipp;xsd</Extensions>
    </Filter>
    <Filter Include="Resource Files">
      <UniqueIdentifier>{67DA6AB6-F800-4c08-8B7A-83BB121AAD01}</UniqueIdentifier>
      <Extensions>rc;ico;cur;bmp;dlg;rc2;rct;bin;rgs;gif;jpg;jpeg;jpe;resx;tiff;tif;png;wav;mfcribbon-ms</Extensions>
    </Filter>
    <Filter Include="Header Files\statements">
      <UniqueIdentifier>{1f05694d-75f6-42d8-be31-a862b24cbe2c}</UniqueIdentifier>
    </Filter>
    <Filter Include="Header Files\expression">
      <UniqueIdentifier>{bef4abbb-9fb6-4502-97e7-9acb75d7bbd8}</UniqueIdentifier>
    </Filter>
    <Filter Include="Source Files\expression">
      <UniqueIdentifier>{af226f50-b183-4e70-8da3-bd1c9e05b739}</UniqueIdentifier>
    </Filter>
    <Filter Include="Source Files\statements">
      <UniqueIdentifier>{5f051a4e-da01-4a5d-862c-9f7f094d865e}</UniqueIdentifier>
    </Filter>
  </ItemGroup>
  <ItemGroup>
    <ClInclude Include="src\lexer.hpp">
      <Filter>Header Files</Filter>
    </ClInclude>
    <ClInclude Include="src\nodes\numbernode.hpp">
      <Filter>Header Files</Filter>
    </ClInclude>
    <ClInclude Include="src\parser.hpp">
      <Filter>Header Files</Filter>
    </ClInclude>
    <ClInclude Include="src\nodes\printstmtnode.hpp">
      <Filter>Header Files</Filter>
    </ClInclude>
    <ClInclude Include="src\semantic.hpp">
      <Filter>Header Files</Filter>
    </ClInclude>
    <ClInclude Include="src\nodes\stringnode.hpp">
      <Filter>Header Files</Filter>
    </ClInclude>
    <ClInclude Include="src\syntaxtoken.hpp">
      <Filter>Header Files</Filter>
    </ClInclude>
    <ClInclude Include="src\token.hpp">
      <Filter>Header Files</Filter>
    </ClInclude>
    <ClInclude Include="src\traverse_ast.hpp">
      <Filter>Header Files</Filter>
    </ClInclude>
    <ClInclude Include="src\nodes\unarynode.hpp">
      <Filter>Header Files</Filter>
    </ClInclude>
    <ClInclude Include="src\nodes\varassignmentstmtnode.hpp">
      <Filter>Header Files</Filter>
    </ClInclude>
    <ClInclude Include="src\nodes\vardeclarationnode.hpp">
      <Filter>Header Files</Filter>
    </ClInclude>
    <ClInclude Include="src\variable.hpp">
      <Filter>Header Files</Filter>
    </ClInclude>
    <ClInclude Include="src\visitor.hpp">
      <Filter>Header Files</Filter>
    </ClInclude>
    <ClInclude Include="src\interpret.hpp">
      <Filter>Header Files</Filter>
    </ClInclude>
    <ClInclude Include="src\nodes\functioncallexpr.hpp">
      <Filter>Header Files</Filter>
    </ClInclude>
    <ClInclude Include="src\functionmemory.hpp">
      <Filter>Header Files</Filter>
    </ClInclude>
    <ClInclude Include="src\nodes\identifiernode.hpp">
      <Filter>Header Files</Filter>
    </ClInclude>
    <ClInclude Include="src\nodes\ifstmtnode.hpp">
      <Filter>Header Files</Filter>
    </ClInclude>
    <ClInclude Include="src\envstack.hpp">
      <Filter>Header Files</Filter>
    </ClInclude>
    <ClInclude Include="src\ast_node_headers.hpp">
      <Filter>Header Files</Filter>
    </ClInclude>
    <ClInclude Include="src\nodes\astnode.hpp">
      <Filter>Header Files</Filter>
    </ClInclude>
    <ClInclude Include="src\nodes\binaryexpression.hpp">
      <Filter>Header Files</Filter>
    </ClInclude>
    <ClInclude Include="src\nodes\blockstmtnode.hpp">
      <Filter>Header Files</Filter>
    </ClInclude>
    <ClInclude Include="src\nodes\boolnode.hpp">
      <Filter>Header Files</Filter>
    </ClInclude>
    <ClInclude Include="src\environment.hpp">
      <Filter>Header Files</Filter>
    </ClInclude>
  </ItemGroup>
  <ItemGroup>
    <ClCompile Include="src\parser.cpp">
      <Filter>Source Files</Filter>
    </ClCompile>
    <ClCompile Include="src\semantic.cpp">
      <Filter>Source Files</Filter>
    </ClCompile>
    <ClCompile Include="src\syntaxtoken.cpp">
      <Filter>Source Files</Filter>
    </ClCompile>
    <ClCompile Include="src\token.cpp">
      <Filter>Source Files</Filter>
    </ClCompile>
    <ClCompile Include="src\traverse_ast.cpp">
      <Filter>Source Files</Filter>
    </ClCompile>
    <ClCompile Include="src\variable.cpp">
      <Filter>Source Files</Filter>
    </ClCompile>
    <ClCompile Include="src\lexer.cpp">
      <Filter>Source Files</Filter>
    </ClCompile>
    <ClCompile Include="src\nodes\numbernode.cpp">
      <Filter>Source Files</Filter>
    </ClCompile>
    <ClCompile Include="src\nodes\printstmtnode.cpp">
      <Filter>Source Files</Filter>
    </ClCompile>
    <ClCompile Include="src\nodes\stringnode.cpp">
      <Filter>Source Files</Filter>
    </ClCompile>
    <ClCompile Include="src\nodes\unarynode.cpp">
      <Filter>Source Files</Filter>
    </ClCompile>
    <ClCompile Include="src\nodes\varassignmentstmtnode.cpp">
      <Filter>Source Files</Filter>
    </ClCompile>
    <ClCompile Include="src\nodes\vardeclarationnode.cpp">
      <Filter>Source Files</Filter>
    </ClCompile>
    <ClCompile Include="src\nodes\functioncallexpr.cpp">
      <Filter>Source Files</Filter>
    </ClCompile>
    <ClCompile Include="src\functionmemory.cpp">
      <Filter>Source Files</Filter>
    </ClCompile>
    <ClCompile Include="src\nodes\identifiernode.cpp">
      <Filter>Source Files</Filter>
    </ClCompile>
    <ClCompile Include="src\nodes\ifstmtnode.cpp">
      <Filter>Source Files</Filter>
    </ClCompile>
    <ClCompile Include="src\interpret.cpp">
      <Filter>Source Files</Filter>
    </ClCompile>
    <ClCompile Include="src\nodes\binaryexpression.cpp">
      <Filter>Source Files</Filter>
    </ClCompile>
    <ClCompile Include="src\nodes\blockstmtnode.cpp">
      <Filter>Source Files</Filter>
    </ClCompile>
    <ClCompile Include="src\nodes\boolnode.cpp">
      <Filter>Source Files</Filter>
    </ClCompile>
    <ClCompile Include="src\environment.cpp">
      <Filter>Source Files</Filter>
    </ClCompile>
    <ClCompile Include="src\envstack.cpp">
      <Filter>Source Files</Filter>
    </ClCompile>
  </ItemGroup>
</Project>